// !$*UTF8*$!
{
	archiveVersion = 1;
	classes = {
	};
	objectVersion = 46;
	objects = {

/* Begin PBXBuildFile section */
		7EB76C461BCBAD940013058B /* main.m in Sources */ = {isa = PBXBuildFile; fileRef = 7EB76C451BCBAD940013058B /* main.m */; };
		7EB76C491BCBAD940013058B /* AppDelegate.m in Sources */ = {isa = PBXBuildFile; fileRef = 7EB76C481BCBAD940013058B /* AppDelegate.m */; };
		7EB76C4C1BCBAD940013058B /* ViewController.m in Sources */ = {isa = PBXBuildFile; fileRef = 7EB76C4B1BCBAD940013058B /* ViewController.m */; };
		7EB76C4F1BCBAD940013058B /* Main.storyboard in Resources */ = {isa = PBXBuildFile; fileRef = 7EB76C4D1BCBAD940013058B /* Main.storyboard */; };
		7EB76C511BCBAD940013058B /* Images.xcassets in Resources */ = {isa = PBXBuildFile; fileRef = 7EB76C501BCBAD940013058B /* Images.xcassets */; };
		7EB76C541BCBAD940013058B /* LaunchScreen.xib in Resources */ = {isa = PBXBuildFile; fileRef = 7EB76C521BCBAD940013058B /* LaunchScreen.xib */; };
		7EB76C601BCBAD940013058B /* Demo_beaconTests.m in Sources */ = {isa = PBXBuildFile; fileRef = 7EB76C5F1BCBAD940013058B /* Demo_beaconTests.m */; };
		7EB76C6B1BCBB19F0013058B /* BeaconTableViewController.m in Sources */ = {isa = PBXBuildFile; fileRef = 7EB76C6A1BCBB19F0013058B /* BeaconTableViewController.m */; };
		89F25992B4FA26012B0B2A82 /* libPods-Demo-beacon.a in Frameworks */ = {isa = PBXBuildFile; fileRef = 8C77502F07028DC0F9B07D84 /* libPods-Demo-beacon.a */; };
/* End PBXBuildFile section */

/* Begin PBXContainerItemProxy section */
		7EB76C5A1BCBAD940013058B /* PBXContainerItemProxy */ = {
			isa = PBXContainerItemProxy;
			containerPortal = 7EB76C381BCBAD940013058B /* Project object */;
			proxyType = 1;
			remoteGlobalIDString = 7EB76C3F1BCBAD940013058B;
			remoteInfo = "Demo-beacon";
		};
/* End PBXContainerItemProxy section */

/* Begin PBXFileReference section */
		0491DACAF856D3B147C00C99 /* Pods-Demo-beacon.release.xcconfig */ = {isa = PBXFileReference; includeInIndex = 1; lastKnownFileType = text.xcconfig; name = "Pods-Demo-beacon.release.xcconfig"; path = "Pods/Target Support Files/Pods-Demo-beacon/Pods-Demo-beacon.release.xcconfig"; sourceTree = "<group>"; };
		7EB76C401BCBAD940013058B /* Demo-beacon.app */ = {isa = PBXFileReference; explicitFileType = wrapper.application; includeInIndex = 0; path = "Demo-beacon.app"; sourceTree = BUILT_PRODUCTS_DIR; };
		7EB76C441BCBAD940013058B /* Info.plist */ = {isa = PBXFileReference; lastKnownFileType = text.plist.xml; path = Info.plist; sourceTree = "<group>"; };
		7EB76C451BCBAD940013058B /* main.m */ = {isa = PBXFileReference; lastKnownFileType = sourcecode.c.objc; path = main.m; sourceTree = "<group>"; };
		7EB76C471BCBAD940013058B /* AppDelegate.h */ = {isa = PBXFileReference; lastKnownFileType = sourcecode.c.h; path = AppDelegate.h; sourceTree = "<group>"; };
		7EB76C481BCBAD940013058B /* AppDelegate.m */ = {isa = PBXFileReference; lastKnownFileType = sourcecode.c.objc; path = AppDelegate.m; sourceTree = "<group>"; };
		7EB76C4A1BCBAD940013058B /* ViewController.h */ = {isa = PBXFileReference; lastKnownFileType = sourcecode.c.h; path = ViewController.h; sourceTree = "<group>"; };
		7EB76C4B1BCBAD940013058B /* ViewController.m */ = {isa = PBXFileReference; lastKnownFileType = sourcecode.c.objc; path = ViewController.m; sourceTree = "<group>"; };
		7EB76C4E1BCBAD940013058B /* Base */ = {isa = PBXFileReference; lastKnownFileType = file.storyboard; name = Base; path = Base.lproj/Main.storyboard; sourceTree = "<group>"; };
		7EB76C501BCBAD940013058B /* Images.xcassets */ = {isa = PBXFileReference; lastKnownFileType = folder.assetcatalog; path = Images.xcassets; sourceTree = "<group>"; };
		7EB76C531BCBAD940013058B /* Base */ = {isa = PBXFileReference; lastKnownFileType = file.xib; name = Base; path = Base.lproj/LaunchScreen.xib; sourceTree = "<group>"; };
		7EB76C591BCBAD940013058B /* Demo-beaconTests.xctest */ = {isa = PBXFileReference; explicitFileType = wrapper.cfbundle; includeInIndex = 0; path = "Demo-beaconTests.xctest"; sourceTree = BUILT_PRODUCTS_DIR; };
		7EB76C5E1BCBAD940013058B /* Info.plist */ = {isa = PBXFileReference; lastKnownFileType = text.plist.xml; path = Info.plist; sourceTree = "<group>"; };
		7EB76C5F1BCBAD940013058B /* Demo_beaconTests.m */ = {isa = PBXFileReference; lastKnownFileType = sourcecode.c.objc; path = Demo_beaconTests.m; sourceTree = "<group>"; };
		7EB76C691BCBB19F0013058B /* BeaconTableViewController.h */ = {isa = PBXFileReference; fileEncoding = 4; lastKnownFileType = sourcecode.c.h; path = BeaconTableViewController.h; sourceTree = "<group>"; };
		7EB76C6A1BCBB19F0013058B /* BeaconTableViewController.m */ = {isa = PBXFileReference; fileEncoding = 4; lastKnownFileType = sourcecode.c.objc; path = BeaconTableViewController.m; sourceTree = "<group>"; };
		8C77502F07028DC0F9B07D84 /* libPods-Demo-beacon.a */ = {isa = PBXFileReference; explicitFileType = archive.ar; includeInIndex = 0; path = "libPods-Demo-beacon.a"; sourceTree = BUILT_PRODUCTS_DIR; };
		D62985277B345A04314CF22D /* Pods-Demo-beacon.debug.xcconfig */ = {isa = PBXFileReference; includeInIndex = 1; lastKnownFileType = text.xcconfig; name = "Pods-Demo-beacon.debug.xcconfig"; path = "Pods/Target Support Files/Pods-Demo-beacon/Pods-Demo-beacon.debug.xcconfig"; sourceTree = "<group>"; };
/* End PBXFileReference section */

/* Begin PBXFrameworksBuildPhase section */
		7EB76C3D1BCBAD940013058B /* Frameworks */ = {
			isa = PBXFrameworksBuildPhase;
			buildActionMask = 2147483647;
			files = (
				89F25992B4FA26012B0B2A82 /* libPods-Demo-beacon.a in Frameworks */,
			);
			runOnlyForDeploymentPostprocessing = 0;
		};
		7EB76C561BCBAD940013058B /* Frameworks */ = {
			isa = PBXFrameworksBuildPhase;
			buildActionMask = 2147483647;
			files = (
			);
			runOnlyForDeploymentPostprocessing = 0;
		};
/* End PBXFrameworksBuildPhase section */

/* Begin PBXGroup section */
		2ED4DBCAD09455EAC05DFFCD /* Pods */ = {
			isa = PBXGroup;
			children = (
				D62985277B345A04314CF22D /* Pods-Demo-beacon.debug.xcconfig */,
				0491DACAF856D3B147C00C99 /* Pods-Demo-beacon.release.xcconfig */,
			);
			name = Pods;
			sourceTree = "<group>";
		};
		7EB76C371BCBAD940013058B = {
			isa = PBXGroup;
			children = (
				7EB76C421BCBAD940013058B /* Demo-beacon */,
				7EB76C5C1BCBAD940013058B /* Demo-beaconTests */,
				7EB76C411BCBAD940013058B /* Products */,
				2ED4DBCAD09455EAC05DFFCD /* Pods */,
				A232187D11033D60D0361895 /* Frameworks */,
			);
			sourceTree = "<group>";
		};
		7EB76C411BCBAD940013058B /* Products */ = {
			isa = PBXGroup;
			children = (
				7EB76C401BCBAD940013058B /* Demo-beacon.app */,
				7EB76C591BCBAD940013058B /* Demo-beaconTests.xctest */,
			);
			name = Products;
			sourceTree = "<group>";
		};
		7EB76C421BCBAD940013058B /* Demo-beacon */ = {
			isa = PBXGroup;
			children = (
				7EB76C471BCBAD940013058B /* AppDelegate.h */,
				7EB76C481BCBAD940013058B /* AppDelegate.m */,
				7EB76C4A1BCBAD940013058B /* ViewController.h */,
				7EB76C4B1BCBAD940013058B /* ViewController.m */,
				7EB76C4D1BCBAD940013058B /* Main.storyboard */,
				7EB76C501BCBAD940013058B /* Images.xcassets */,
				7EB76C521BCBAD940013058B /* LaunchScreen.xib */,
				7EB76C431BCBAD940013058B /* Supporting Files */,
				7EB76C691BCBB19F0013058B /* BeaconTableViewController.h */,
				7EB76C6A1BCBB19F0013058B /* BeaconTableViewController.m */,
			);
			path = "Demo-beacon";
			sourceTree = "<group>";
		};
		7EB76C431BCBAD940013058B /* Supporting Files */ = {
			isa = PBXGroup;
			children = (
				7EB76C441BCBAD940013058B /* Info.plist */,
				7EB76C451BCBAD940013058B /* main.m */,
			);
			name = "Supporting Files";
			sourceTree = "<group>";
		};
		7EB76C5C1BCBAD940013058B /* Demo-beaconTests */ = {
			isa = PBXGroup;
			children = (
				7EB76C5F1BCBAD940013058B /* Demo_beaconTests.m */,
				7EB76C5D1BCBAD940013058B /* Supporting Files */,
			);
			path = "Demo-beaconTests";
			sourceTree = "<group>";
		};
		7EB76C5D1BCBAD940013058B /* Supporting Files */ = {
			isa = PBXGroup;
			children = (
				7EB76C5E1BCBAD940013058B /* Info.plist */,
			);
			name = "Supporting Files";
			sourceTree = "<group>";
		};
		A232187D11033D60D0361895 /* Frameworks */ = {
			isa = PBXGroup;
			children = (
				8C77502F07028DC0F9B07D84 /* libPods-Demo-beacon.a */,
			);
			name = Frameworks;
			sourceTree = "<group>";
		};
/* End PBXGroup section */

/* Begin PBXNativeTarget section */
		7EB76C3F1BCBAD940013058B /* Demo-beacon */ = {
			isa = PBXNativeTarget;
			buildConfigurationList = 7EB76C631BCBAD940013058B /* Build configuration list for PBXNativeTarget "Demo-beacon" */;
			buildPhases = (
				D7390E783CED0D0EC76C6624 /* Check Pods Manifest.lock */,
				7EB76C3C1BCBAD940013058B /* Sources */,
				7EB76C3D1BCBAD940013058B /* Frameworks */,
				7EB76C3E1BCBAD940013058B /* Resources */,
				7B458BDC141C3F520D8B7C8B /* Copy Pods Resources */,
			);
			buildRules = (
			);
			dependencies = (
			);
			name = "Demo-beacon";
			productName = "Demo-beacon";
			productReference = 7EB76C401BCBAD940013058B /* Demo-beacon.app */;
			productType = "com.apple.product-type.application";
		};
		7EB76C581BCBAD940013058B /* Demo-beaconTests */ = {
			isa = PBXNativeTarget;
			buildConfigurationList = 7EB76C661BCBAD940013058B /* Build configuration list for PBXNativeTarget "Demo-beaconTests" */;
			buildPhases = (
				7EB76C551BCBAD940013058B /* Sources */,
				7EB76C561BCBAD940013058B /* Frameworks */,
				7EB76C571BCBAD940013058B /* Resources */,
			);
			buildRules = (
			);
			dependencies = (
				7EB76C5B1BCBAD940013058B /* PBXTargetDependency */,
			);
			name = "Demo-beaconTests";
			productName = "Demo-beaconTests";
			productReference = 7EB76C591BCBAD940013058B /* Demo-beaconTests.xctest */;
			productType = "com.apple.product-type.bundle.unit-test";
		};
/* End PBXNativeTarget section */

/* Begin PBXProject section */
		7EB76C381BCBAD940013058B /* Project object */ = {
			isa = PBXProject;
			attributes = {
				LastUpgradeCheck = 0640;
				ORGANIZATIONNAME = "Me-tech";
				TargetAttributes = {
					7EB76C3F1BCBAD940013058B = {
						CreatedOnToolsVersion = 6.4;
						SystemCapabilities = {
							com.apple.BackgroundModes = {
								enabled = 1;
							};
						};
					};
					7EB76C581BCBAD940013058B = {
						CreatedOnToolsVersion = 6.4;
						TestTargetID = 7EB76C3F1BCBAD940013058B;
					};
				};
			};
			buildConfigurationList = 7EB76C3B1BCBAD940013058B /* Build configuration list for PBXProject "Demo-beacon" */;
			compatibilityVersion = "Xcode 3.2";
			developmentRegion = English;
			hasScannedForEncodings = 0;
			knownRegions = (
				en,
				Base,
			);
			mainGroup = 7EB76C371BCBAD940013058B;
			productRefGroup = 7EB76C411BCBAD940013058B /* Products */;
			projectDirPath = "";
			projectRoot = "";
			targets = (
				7EB76C3F1BCBAD940013058B /* Demo-beacon */,
				7EB76C581BCBAD940013058B /* Demo-beaconTests */,
			);
		};
/* End PBXProject section */

/* Begin PBXResourcesBuildPhase section */
		7EB76C3E1BCBAD940013058B /* Resources */ = {
			isa = PBXResourcesBuildPhase;
			buildActionMask = 2147483647;
			files = (
				7EB76C4F1BCBAD940013058B /* Main.storyboard in Resources */,
				7EB76C541BCBAD940013058B /* LaunchScreen.xib in Resources */,
				7EB76C511BCBAD940013058B /* Images.xcassets in Resources */,
			);
			runOnlyForDeploymentPostprocessing = 0;
		};
		7EB76C571BCBAD940013058B /* Resources */ = {
			isa = PBXResourcesBuildPhase;
			buildActionMask = 2147483647;
			files = (
			);
			runOnlyForDeploymentPostprocessing = 0;
		};
/* End PBXResourcesBuildPhase section */

/* Begin PBXShellScriptBuildPhase section */
		7B458BDC141C3F520D8B7C8B /* Copy Pods Resources */ = {
			isa = PBXShellScriptBuildPhase;
			buildActionMask = 2147483647;
			files = (
			);
			inputPaths = (
			);
			name = "Copy Pods Resources";
			outputPaths = (
			);
			runOnlyForDeploymentPostprocessing = 0;
			shellPath = /bin/sh;
			shellScript = "\"${SRCROOT}/Pods/Target Support Files/Pods-Demo-beacon/Pods-Demo-beacon-resources.sh\"\n";
			showEnvVarsInLog = 0;
		};
		D7390E783CED0D0EC76C6624 /* Check Pods Manifest.lock */ = {
			isa = PBXShellScriptBuildPhase;
			buildActionMask = 2147483647;
			files = (
			);
			inputPaths = (
			);
			name = "Check Pods Manifest.lock";
			outputPaths = (
			);
			runOnlyForDeploymentPostprocessing = 0;
			shellPath = /bin/sh;
			shellScript = "diff \"${PODS_ROOT}/../Podfile.lock\" \"${PODS_ROOT}/Manifest.lock\" > /dev/null\nif [[ $? != 0 ]] ; then\n    cat << EOM\nerror: The sandbox is not in sync with the Podfile.lock. Run 'pod install' or update your CocoaPods installation.\nEOM\n    exit 1\nfi\n";
			showEnvVarsInLog = 0;
		};
/* End PBXShellScriptBuildPhase section */

/* Begin PBXSourcesBuildPhase section */
		7EB76C3C1BCBAD940013058B /* Sources */ = {
			isa = PBXSourcesBuildPhase;
			buildActionMask = 2147483647;
			files = (
				7EB76C4C1BCBAD940013058B /* ViewController.m in Sources */,
				7EB76C6B1BCBB19F0013058B /* BeaconTableViewController.m in Sources */,
				7EB76C491BCBAD940013058B /* AppDelegate.m in Sources */,
				7EB76C461BCBAD940013058B /* main.m in Sources */,
			);
			runOnlyForDeploymentPostprocessing = 0;
		};
		7EB76C551BCBAD940013058B /* Sources */ = {
			isa = PBXSourcesBuildPhase;
			buildActionMask = 2147483647;
			files = (
				7EB76C601BCBAD940013058B /* Demo_beaconTests.m in Sources */,
			);
			runOnlyForDeploymentPostprocessing = 0;
		};
/* End PBXSourcesBuildPhase section */

/* Begin PBXTargetDependency section */
		7EB76C5B1BCBAD940013058B /* PBXTargetDependency */ = {
			isa = PBXTargetDependency;
			target = 7EB76C3F1BCBAD940013058B /* Demo-beacon */;
			targetProxy = 7EB76C5A1BCBAD940013058B /* PBXContainerItemProxy */;
		};
/* End PBXTargetDependency section */

/* Begin PBXVariantGroup section */
		7EB76C4D1BCBAD940013058B /* Main.storyboard */ = {
			isa = PBXVariantGroup;
			children = (
				7EB76C4E1BCBAD940013058B /* Base */,
			);
			name = Main.storyboard;
			sourceTree = "<group>";
		};
		7EB76C521BCBAD940013058B /* LaunchScreen.xib */ = {
			isa = PBXVariantGroup;
			children = (
				7EB76C531BCBAD940013058B /* Base */,
			);
			name = LaunchScreen.xib;
			sourceTree = "<group>";
		};
/* End PBXVariantGroup section */

/* Begin XCBuildConfiguration section */
		7EB76C611BCBAD940013058B /* Debug */ = {
			isa = XCBuildConfiguration;
			buildSettings = {
				ALWAYS_SEARCH_USER_PATHS = NO;
				CLANG_CXX_LANGUAGE_STANDARD = "gnu++0x";
				CLANG_CXX_LIBRARY = "libc++";
				CLANG_ENABLE_MODULES = YES;
				CLANG_ENABLE_OBJC_ARC = YES;
				CLANG_WARN_BOOL_CONVERSION = YES;
				CLANG_WARN_CONSTANT_CONVERSION = YES;
				CLANG_WARN_DIRECT_OBJC_ISA_USAGE = YES_ERROR;
				CLANG_WARN_EMPTY_BODY = YES;
				CLANG_WARN_ENUM_CONVERSION = YES;
				CLANG_WARN_INT_CONVERSION = YES;
				CLANG_WARN_OBJC_ROOT_CLASS = YES_ERROR;
				CLANG_WARN_UNREACHABLE_CODE = YES;
				CLANG_WARN__DUPLICATE_METHOD_MATCH = YES;
				"CODE_SIGN_IDENTITY[sdk=iphoneos*]" = "iPhone Developer";
				COPY_PHASE_STRIP = NO;
				DEBUG_INFORMATION_FORMAT = "dwarf-with-dsym";
				ENABLE_STRICT_OBJC_MSGSEND = YES;
				GCC_C_LANGUAGE_STANDARD = gnu99;
				GCC_DYNAMIC_NO_PIC = NO;
				GCC_NO_COMMON_BLOCKS = YES;
				GCC_OPTIMIZATION_LEVEL = 0;
				GCC_PREPROCESSOR_DEFINITIONS = (
					"DEBUG=1",
					"$(inherited)",
				);
				GCC_SYMBOLS_PRIVATE_EXTERN = NO;
				GCC_WARN_64_TO_32_BIT_CONVERSION = YES;
				GCC_WARN_ABOUT_RETURN_TYPE = YES_ERROR;
				GCC_WARN_UNDECLARED_SELECTOR = YES;
				GCC_WARN_UNINITIALIZED_AUTOS = YES_AGGRESSIVE;
				GCC_WARN_UNUSED_FUNCTION = YES;
				GCC_WARN_UNUSED_VARIABLE = YES;
				IPHONEOS_DEPLOYMENT_TARGET = 8.4;
				MTL_ENABLE_DEBUG_INFO = YES;
				ONLY_ACTIVE_ARCH = YES;
				SDKROOT = iphoneos;
			};
			name = Debug;
		};
		7EB76C621BCBAD940013058B /* Release */ = {
			isa = XCBuildConfiguration;
			buildSettings = {
				ALWAYS_SEARCH_USER_PATHS = NO;
				CLANG_CXX_LANGUAGE_STANDARD = "gnu++0x";
				CLANG_CXX_LIBRARY = "libc++";
				CLANG_ENABLE_MODULES = YES;
				CLANG_ENABLE_OBJC_ARC = YES;
				CLANG_WARN_BOOL_CONVERSION = YES;
				CLANG_WARN_CONSTANT_CONVERSION = YES;
				CLANG_WARN_DIRECT_OBJC_ISA_USAGE = YES_ERROR;
				CLANG_WARN_EMPTY_BODY = YES;
				CLANG_WARN_ENUM_CONVERSION = YES;
				CLANG_WARN_INT_CONVERSION = YES;
				CLANG_WARN_OBJC_ROOT_CLASS = YES_ERROR;
				CLANG_WARN_UNREACHABLE_CODE = YES;
				CLANG_WARN__DUPLICATE_METHOD_MATCH = YES;
				"CODE_SIGN_IDENTITY[sdk=iphoneos*]" = "iPhone Developer";
				COPY_PHASE_STRIP = NO;
				DEBUG_INFORMATION_FORMAT = "dwarf-with-dsym";
				ENABLE_NS_ASSERTIONS = NO;
				ENABLE_STRICT_OBJC_MSGSEND = YES;
				GCC_C_LANGUAGE_STANDARD = gnu99;
				GCC_NO_COMMON_BLOCKS = YES;
				GCC_WARN_64_TO_32_BIT_CONVERSION = YES;
				GCC_WARN_ABOUT_RETURN_TYPE = YES_ERROR;
				GCC_WARN_UNDECLARED_SELECTOR = YES;
				GCC_WARN_UNINITIALIZED_AUTOS = YES_AGGRESSIVE;
				GCC_WARN_UNUSED_FUNCTION = YES;
				GCC_WARN_UNUSED_VARIABLE = YES;
				IPHONEOS_DEPLOYMENT_TARGET = 8.4;
				MTL_ENABLE_DEBUG_INFO = NO;
				SDKROOT = iphoneos;
				VALIDATE_PRODUCT = YES;
			};
			name = Release;
		};
		7EB76C641BCBAD940013058B /* Debug */ = {
			isa = XCBuildConfiguration;
			baseConfigurationReference = D62985277B345A04314CF22D /* Pods-Demo-beacon.debug.xcconfig */;
			buildSettings = {
				ASSETCATALOG_COMPILER_APPICON_NAME = AppIcon;
				CODE_SIGN_IDENTITY = "iPhone Developer: Nazri Hussein (X2BJKVNYHB)";
				INFOPLIST_FILE = "Demo-beacon/Info.plist";
				LD_RUNPATH_SEARCH_PATHS = "$(inherited) @executable_path/Frameworks";
				PRODUCT_BUNDLE_IDENTIFIER = "com.me-tech.pushNotification";
				PRODUCT_NAME = "$(TARGET_NAME)";
				PROVISIONING_PROFILE = "174d7c68-7c63-4d6a-9def-b4562cc416bc";
			};
			name = Debug;
		};
		7EB76C651BCBAD940013058B /* Release */ = {
			isa = XCBuildConfiguration;
			baseConfigurationReference = 0491DACAF856D3B147C00C99 /* Pods-Demo-beacon.release.xcconfig */;
			buildSettings = {
				ASSETCATALOG_COMPILER_APPICON_NAME = AppIcon;
				CODE_SIGN_IDENTITY = "iPhone Developer: Nazri Hussein (X2BJKVNYHB)";
				INFOPLIST_FILE = "Demo-beacon/Info.plist";
				LD_RUNPATH_SEARCH_PATHS = "$(inherited) @executable_path/Frameworks";
				PRODUCT_BUNDLE_IDENTIFIER = "com.me-tech.pushNotification";
				PRODUCT_NAME = "$(TARGET_NAME)";
				PROVISIONING_PROFILE = "174d7c68-7c63-4d6a-9def-b4562cc416bc";
			};
			name = Release;
		};
		7EB76C671BCBAD940013058B /* Debug */ = {
			isa = XCBuildConfiguration;
			buildSettings = {
				BUNDLE_LOADER = "$(TEST_HOST)";
				FRAMEWORK_SEARCH_PATHS = (
					"$(SDKROOT)/Developer/Library/Frameworks",
					"$(inherited)",
				);
				GCC_PREPROCESSOR_DEFINITIONS = (
					"DEBUG=1",
					"$(inherited)",
				);
				INFOPLIST_FILE = "Demo-beaconTests/Info.plist";
				LD_RUNPATH_SEARCH_PATHS = "$(inherited) @executable_path/Frameworks @loader_path/Frameworks";
				PRODUCT_NAME = "$(TARGET_NAME)";
				TEST_HOST = "$(BUILT_PRODUCTS_DIR)/Demo-beacon.app/Demo-beacon";
			};
			name = Debug;
		};
		7EB76C681BCBAD940013058B /* Release */ = {
			isa = XCBuildConfiguration;
			buildSettings = {
				BUNDLE_LOADER = "$(TEST_HOST)";
				FRAMEWORK_SEARCH_PATHS = (
					"$(SDKROOT)/Developer/Library/Frameworks",
					"$(inherited)",
				);
				INFOPLIST_FILE = "Demo-beaconTests/Info.plist";
				LD_RUNPATH_SEARCH_PATHS = "$(inherited) @executable_path/Frameworks @loader_path/Frameworks";
				PRODUCT_NAME = "$(TARGET_NAME)";
				TEST_HOST = "$(BUILT_PRODUCTS_DIR)/Demo-beacon.app/Demo-beacon";
			};
			name = Release;
		};
/* End XCBuildConfiguration section */

/* Begin XCConfigurationList section */
		7EB76C3B1BCBAD940013058B /* Build configuration list for PBXProject "Demo-beacon" */ = {
			isa = XCConfigurationList;
			buildConfigurations = (
				7EB76C611BCBAD940013058B /* Debug */,
				7EB76C621BCBAD940013058B /* Release */,
			);
			defaultConfigurationIsVisible = 0;
			defaultConfigurationName = Release;
		};
		7EB76C631BCBAD940013058B /* Build configuration list for PBXNativeTarget "Demo-beacon" */ = {
			isa = XCConfigurationList;
			buildConfigurations = (
				7EB76C641BCBAD940013058B /* Debug */,
				7EB76C651BCBAD940013058B /* Release */,
			);
			defaultConfigurationIsVisible = 0;
			defaultConfigurationName = Release;
		};
		7EB76C661BCBAD940013058B /* Build configuration list for PBXNativeTarget "Demo-beaconTests" */ = {
			isa = XCConfigurationList;
			buildConfigurations = (
				7EB76C671BCBAD940013058B /* Debug */,
				7EB76C681BCBAD940013058B /* Release */,
			);
			defaultConfigurationIsVisible = 0;
			defaultConfigurationName = Release;
		};
/* End XCConfigurationList section */
	};
	rootObject = 7EB76C381BCBAD940013058B /* Project object */;
}
